{
  "name": "@ancleto/spec",
  "version": "0.4.2",
  "lockfileVersion": 3,
  "requires": true,
  "packages": {
    "": {
      "name": "@ancleto/spec",
      "version": "0.4.2",
      "license": "MIT",
      "bin": {
        "ancleto": "src/cli/index.js",
        "aspec": "src/cli/index.js"
      },
      "engines": {
        "node": ">=24.0.0"
      }
    }
  }
}
